
Microsoft Visual Studio Solution File, Format Version 12.00
# Visual Studio Version 16
VisualStudioVersion = 16.0.28809.33
MinimumVisualStudioVersion = 10.0.40219.1
Project("{FAE04EC0-301F-11D3-BF4B-00C04F79EFBC}") = "TicTacToe2.0", "TicTacToe2.0\TicTacToe2.0.csproj", "{AC1BF0F9-6D9B-4644-908D-B77C1D13E162}"
EndProject
Global
	GlobalSection(SolutionConfigurationPlatforms) = preSolution
		Debug|Any CPU = Debug|Any CPU
		Release|Any CPU = Release|Any CPU
	EndGlobalSection
	GlobalSection(ProjectConfigurationPlatforms) = postSolution
		{AC1BF0F9-6D9B-4644-908D-B77C1D13E162}.Debug|Any CPU.ActiveCfg = Debug|Any CPU
		{AC1BF0F9-6D9B-4644-908D-B77C1D13E162}.Debug|Any CPU.Build.0 = Debug|Any CPU
		{AC1BF0F9-6D9B-4644-908D-B77C1D13E162}.Release|Any CPU.ActiveCfg = Release|Any CPU
		{AC1BF0F9-6D9B-4644-908D-B77C1D13E162}.Release|Any CPU.Build.0 = Release|Any CPU
	EndGlobalSection
	GlobalSection(SolutionProperties) = preSolution
		HideSolutionNode = FALSE
	EndGlobalSection
	GlobalSection(ExtensibilityGlobals) = postSolution
		SolutionGuid = {892727A5-E4D9-436D-BB4A-71D4FE758DFE}
	EndGlobalSection
EndGlobal
